
Microsoft Visual Studio Solution File, Format Version 12.00
Project("{FAE04EC0-301F-11D3-BF4B-00C04F79EFBC}") = "CampusRentalSystem", "CampusRentalSystem\CampusRentalSystem.csproj", "{9ADA8944-BD54-4717-BEEF-8AAC44BB7205}"
EndProject
Global
	GlobalSection(SolutionConfigurationPlatforms) = preSolution
		Debug|Any CPU = Debug|Any CPU
		Release|Any CPU = Release|Any CPU
	EndGlobalSection
	GlobalSection(ProjectConfigurationPlatforms) = postSolution
		{9ADA8944-BD54-4717-BEEF-8AAC44BB7205}.Debug|Any CPU.ActiveCfg = Debug|Any CPU
		{9ADA8944-BD54-4717-BEEF-8AAC44BB7205}.Debug|Any CPU.Build.0 = Debug|Any CPU
		{9ADA8944-BD54-4717-BEEF-8AAC44BB7205}.Release|Any CPU.ActiveCfg = Release|Any CPU
		{9ADA8944-BD54-4717-BEEF-8AAC44BB7205}.Release|Any CPU.Build.0 = Release|Any CPU
	EndGlobalSection
EndGlobal
